
Microsoft Visual Studio Solution File, Format Version 12.00
# Visual Studio Version 17
VisualStudioVersion = 17.11.35303.130
MinimumVisualStudioVersion = 10.0.40219.1
Project("{9A19103F-16F7-4668-BE54-9A1E7A4F7556}") = "ErettsegizzunkAdmin", "ErettsegizzunkAdmin.csproj", "{473D2CFA-3A6B-424E-8C54-D84401E8663A}"
EndProject
Project("{54435603-DBB4-11D2-8724-00A0C9A8B90C}") = "ErettsegizzunkAdminInstaller", "..\ErettsegizzunkAdminInstaller\ErettsegizzunkAdminInstaller.vdproj", "{FFEC1FD8-6C0C-4B9B-AED5-FD24CD09F2CF}"
EndProject
Global
	GlobalSection(SolutionConfigurationPlatforms) = preSolution
		Debug|Any CPU = Debug|Any CPU
		Release|Any CPU = Release|Any CPU
	EndGlobalSection
	GlobalSection(ProjectConfigurationPlatforms) = postSolution
		{473D2CFA-3A6B-424E-8C54-D84401E8663A}.Debug|Any CPU.ActiveCfg = Debug|Any CPU
		{473D2CFA-3A6B-424E-8C54-D84401E8663A}.Debug|Any CPU.Build.0 = Debug|Any CPU
		{473D2CFA-3A6B-424E-8C54-D84401E8663A}.Release|Any CPU.ActiveCfg = Release|Any CPU
		{473D2CFA-3A6B-424E-8C54-D84401E8663A}.Release|Any CPU.Build.0 = Release|Any CPU
		{FFEC1FD8-6C0C-4B9B-AED5-FD24CD09F2CF}.Debug|Any CPU.ActiveCfg = Debug
		{FFEC1FD8-6C0C-4B9B-AED5-FD24CD09F2CF}.Release|Any CPU.ActiveCfg = Release
	EndGlobalSection
	GlobalSection(SolutionProperties) = preSolution
		HideSolutionNode = FALSE
	EndGlobalSection
	GlobalSection(ExtensibilityGlobals) = postSolution
		SolutionGuid = {E2E4422D-A384-473D-B5CE-C997D1936CA0}
	EndGlobalSection
EndGlobal
